
Microsoft Visual Studio Solution File, Format Version 12.00
# Visual Studio Version 17
VisualStudioVersion = 17.4.33122.133
MinimumVisualStudioVersion = 10.0.40219.1
Project("{FAE04EC0-301F-11D3-BF4B-00C04F79EFBC}") = "TicTacToe", "TicTacToe\TicTacToe.csproj", "{E7520E12-AEDA-4020-A612-1A1F195C7F91}"
EndProject
Project("{FAE04EC0-301F-11D3-BF4B-00C04F79EFBC}") = "TicTacToeCons", "TicTacToeConsole\TicTacToeCons.csproj", "{E8980476-DCE3-4F62-AB29-D15636D68C2D}"
EndProject
Global
	GlobalSection(SolutionConfigurationPlatforms) = preSolution
		Debug|Any CPU = Debug|Any CPU
		Release|Any CPU = Release|Any CPU
	EndGlobalSection
	GlobalSection(ProjectConfigurationPlatforms) = postSolution
		{E7520E12-AEDA-4020-A612-1A1F195C7F91}.Debug|Any CPU.ActiveCfg = Debug|Any CPU
		{E7520E12-AEDA-4020-A612-1A1F195C7F91}.Debug|Any CPU.Build.0 = Debug|Any CPU
		{E7520E12-AEDA-4020-A612-1A1F195C7F91}.Release|Any CPU.ActiveCfg = Release|Any CPU
		{E7520E12-AEDA-4020-A612-1A1F195C7F91}.Release|Any CPU.Build.0 = Release|Any CPU
		{E8980476-DCE3-4F62-AB29-D15636D68C2D}.Debug|Any CPU.ActiveCfg = Debug|Any CPU
		{E8980476-DCE3-4F62-AB29-D15636D68C2D}.Debug|Any CPU.Build.0 = Debug|Any CPU
		{E8980476-DCE3-4F62-AB29-D15636D68C2D}.Release|Any CPU.ActiveCfg = Release|Any CPU
		{E8980476-DCE3-4F62-AB29-D15636D68C2D}.Release|Any CPU.Build.0 = Release|Any CPU
	EndGlobalSection
	GlobalSection(SolutionProperties) = preSolution
		HideSolutionNode = FALSE
	EndGlobalSection
	GlobalSection(ExtensibilityGlobals) = postSolution
		SolutionGuid = {0CF1EDC5-4B80-4D9F-BF33-E577A91CA95C}
	EndGlobalSection
EndGlobal
